
Microsoft Visual Studio Solution File, Format Version 12.00
Project("{2150E333-8FDC-42A3-9474-1A3956D46DE8}") = "repo", "repo", "{AC1CE2EB-72D2-480C-889B-C4940CBC5578}"
	ProjectSection(SolutionItems) = preProject
		paket.dependencies = paket.dependencies
		README.md = README.md
		.config/dotnet-tools.json = .config/dotnet-tools.json
		fsharplint.json = fsharplint.json
		Directory.Build.targets = Directory.Build.targets
		.gitignore = .gitignore
		docker-compose.yml = docker-compose.yml
	EndProjectSection
EndProject
Project("{2150E333-8FDC-42A3-9474-1A3956D46DE8}") = "src", "src", "{6F86F337-52E2-448D-99FA-6A52D377B969}"
EndProject
Project("{2150E333-8FDC-42A3-9474-1A3956D46DE8}") = "test", "test", "{48AEB5EC-D108-4729-9579-DE71277E13CE}"
EndProject
Project("{2150E333-8FDC-42A3-9474-1A3956D46DE8}") = "ext", "ext", "{658CE79C-0BA7-4E15-A40D-0D65038F4298}"
EndProject
Project("{F2A71F9B-5D33-465A-A702-920D77279786}") = "MechaHaze.Shared.Tests", "test\MechaHaze.Shared.Tests\MechaHaze.Shared.Tests.fsproj", "{5BE2B456-60E9-4DBF-A28D-35BCFBAB61B2}"
EndProject
Project("{F2A71F9B-5D33-465A-A702-920D77279786}") = "MechaHaze.Shared", "src\MechaHaze.Shared\MechaHaze.Shared.fsproj", "{737C7D7E-5B71-4EE6-9948-EBC63E1F77FA}"
EndProject
Project("{F2A71F9B-5D33-465A-A702-920D77279786}") = "MechaHaze.UI", "src\MechaHaze.UI\MechaHaze.UI.fsproj", "{DD765D1C-01FE-4A7F-BE68-9ABCAA26F221}"
EndProject
Project("{F2A71F9B-5D33-465A-A702-920D77279786}") = "MechaHaze.Daemon.AudioListener.Tests", "test\MechaHaze.Daemon.AudioListener.Tests\MechaHaze.Daemon.AudioListener.Tests.fsproj", "{02D5519E-39CC-4445-9213-57B9883699EE}"
EndProject
Project("{F2A71F9B-5D33-465A-A702-920D77279786}") = "MechaHaze.Daemon.FeatureDispatcher.Tests", "test\MechaHaze.Daemon.FeatureDispatcher.Tests\MechaHaze.Daemon.FeatureDispatcher.Tests.fsproj", "{DD4BE371-5C71-4D02-A78B-E6CEA97962BD}"
EndProject
Project("{F2A71F9B-5D33-465A-A702-920D77279786}") = "MechaHaze.Daemon.TrackIngest.Tests", "test\MechaHaze.Daemon.TrackIngest.Tests\MechaHaze.Daemon.TrackIngest.Tests.fsproj", "{2F6536D1-5509-4484-A133-280F57DB2A4A}"
EndProject
Project("{F2A71F9B-5D33-465A-A702-920D77279786}") = "MechaHaze.UI.Backend.Tests", "test\MechaHaze.UI.Backend.Tests\MechaHaze.UI.Backend.Tests.fsproj", "{96106AD4-3678-4C1C-9088-FBDE8396D0E4}"
EndProject
Project("{F2A71F9B-5D33-465A-A702-920D77279786}") = "MechaHaze.Daemon.AudioListener", "src\MechaHaze.Daemon.AudioListener\MechaHaze.Daemon.AudioListener.fsproj", "{60E04B53-E483-4694-BDCF-F537C8A23056}"
EndProject
Project("{F2A71F9B-5D33-465A-A702-920D77279786}") = "MechaHaze.Daemon.FeatureDispatcher", "src\MechaHaze.Daemon.FeatureDispatcher\MechaHaze.Daemon.FeatureDispatcher.fsproj", "{E8EECFFB-849B-4A73-985F-54CF0D5E62C6}"
EndProject
Project("{F2A71F9B-5D33-465A-A702-920D77279786}") = "MechaHaze.Daemon.TrackIngest", "src\MechaHaze.Daemon.TrackIngest\MechaHaze.Daemon.TrackIngest.fsproj", "{6C6851CF-57D8-4255-9313-74DE4790D41A}"
EndProject
Project("{F2A71F9B-5D33-465A-A702-920D77279786}") = "MechaHaze.UI.Backend", "src\MechaHaze.UI.Backend\MechaHaze.UI.Backend.fsproj", "{91A2AC01-0FF9-4AB7-BBA0-FFA89A0AC09F}"
EndProject
Project("{F2A71F9B-5D33-465A-A702-920D77279786}") = "MechaHaze.UI.Frontend", "src\MechaHaze.UI.Frontend\MechaHaze.UI.Frontend.fsproj", "{2A6486AC-BEDC-4E61-9E50-5E9B74D13D25}"
EndProject
Project("{F2A71F9B-5D33-465A-A702-920D77279786}") = "MechaHaze.IO", "src\MechaHaze.IO\MechaHaze.IO.fsproj", "{A75A2FE7-DEE5-4B03-A266-DB2F03B3E48C}"
EndProject
Project("{F2A71F9B-5D33-465A-A702-920D77279786}") = "MechaHaze.Testing", "src\MechaHaze.Testing\MechaHaze.Testing.fsproj", "{1407C6B2-EDE6-4D91-BE79-EAFA9CF02FE8}"
EndProject
Project("{F2A71F9B-5D33-465A-A702-920D77279786}") = "MechaHaze.UI.Frontend.ElmishBridge", "src\MechaHaze.UI.Frontend.ElmishBridge\MechaHaze.UI.Frontend.ElmishBridge.fsproj", "{DF88C5F4-73DA-46D4-87E3-CC78F1E16C11}"
EndProject
Project("{F2A71F9B-5D33-465A-A702-920D77279786}") = "MechaHaze.Interop.JavaScript", "src\MechaHaze.Interop.JavaScript\MechaHaze.Interop.JavaScript.fsproj", "{2B414FD9-1F7C-49C1-906C-25C8D7D23186}"
EndProject
Project("{F2A71F9B-5D33-465A-A702-920D77279786}") = "MechaHaze.UI.Frontend.React", "src\MechaHaze.UI.Frontend.React\MechaHaze.UI.Frontend.React.fsproj", "{FA0C90F5-5B7C-4092-807A-8441098A1B2C}"
EndProject
Project("{F2A71F9B-5D33-465A-A702-920D77279786}") = "MechaHaze.UI.Backend.ElmishBridge", "src\MechaHaze.UI.Backend.ElmishBridge\MechaHaze.UI.Backend.ElmishBridge.fsproj", "{5DD21678-7A23-4ACF-B9C8-382AAF940EBB}"
EndProject
Project("{F2A71F9B-5D33-465A-A702-920D77279786}") = "MechaHaze.CoreCLR", "src\MechaHaze.CoreCLR\MechaHaze.CoreCLR.fsproj", "{DADF8602-9E92-4D58-8097-B05840F30727}"
EndProject
Project("{F2A71F9B-5D33-465A-A702-920D77279786}") = "MechaHaze.Interop.Python", "src\MechaHaze.Interop.Python\MechaHaze.Interop.Python.fsproj", "{0F2C2914-3CDF-4AC8-8B4D-3A9C5F4094EB}"
EndProject
Project("{F2A71F9B-5D33-465A-A702-920D77279786}") = "MechaHaze.Interop.Spiral", "src\MechaHaze.Interop.Spiral\MechaHaze.Interop.Spiral.fsproj", "{F06FE87C-E261-4895-A430-14A717574EBE}"
EndProject
Project("{F2A71F9B-5D33-465A-A702-920D77279786}") = "MechaHaze.Interop.CSharp", "src\MechaHaze.Interop.CSharp\MechaHaze.Interop.CSharp.fsproj", "{3DF425C6-4A4F-4698-A6E8-B7D9E0DC967F}"
EndProject
Project("{F2A71F9B-5D33-465A-A702-920D77279786}") = "MechaHaze.Interop.Rust", "src\MechaHaze.Interop.Rust\MechaHaze.Interop.Rust.fsproj", "{EC798FDB-053A-480A-856D-86CB88CC227A}"
EndProject
Project("{F2A71F9B-5D33-465A-A702-920D77279786}") = "MechaHaze.IO.Resolume", "src\MechaHaze.IO.Resolume\MechaHaze.IO.Resolume.fsproj", "{C4E9AF1F-1BD0-4441-A667-88705B4C1EC5}"
EndProject
Project("{F2A71F9B-5D33-465A-A702-920D77279786}") = "MechaHaze.IO.VL", "src\MechaHaze.IO.VL\MechaHaze.IO.VL.fsproj", "{AB4EAB3C-1B95-41EF-8B65-17A61691CE94}"
EndProject
Project("{F2A71F9B-5D33-465A-A702-920D77279786}") = "MechaHaze.IO.Magic", "src\MechaHaze.IO.Magic\MechaHaze.IO.Magic.fsproj", "{BFAB73CC-F24C-4555-ACAA-58D7693A4ACB}"
EndProject
Project("{F2A71F9B-5D33-465A-A702-920D77279786}") = "MechaHaze.Interop.Notebook", "src\MechaHaze.Interop.Notebook\MechaHaze.Interop.Notebook.fsproj", "{05A529EA-47A8-493A-9525-663802E5EAAB}"
EndProject
Project("{F2A71F9B-5D33-465A-A702-920D77279786}") = "MechaHaze.Model", "src\MechaHaze.Model\MechaHaze.Model.fsproj", "{3A9540A9-FF2A-432C-A7AB-7E101C331B94}"
EndProject
Global
	GlobalSection(SolutionConfigurationPlatforms) = preSolution
		Debug|Any CPU = Debug|Any CPU
		Release|Any CPU = Release|Any CPU
	EndGlobalSection
	GlobalSection(ProjectConfigurationPlatforms) = postSolution
		{2DDB874F-F795-42ED-BF2F-BD2847F33726}.Debug|Any CPU.ActiveCfg = Debug|Any CPU
		{2DDB874F-F795-42ED-BF2F-BD2847F33726}.Debug|Any CPU.Build.0 = Debug|Any CPU
		{2DDB874F-F795-42ED-BF2F-BD2847F33726}.Release|Any CPU.ActiveCfg = Release|Any CPU
		{2DDB874F-F795-42ED-BF2F-BD2847F33726}.Release|Any CPU.Build.0 = Release|Any CPU
		{5BE2B456-60E9-4DBF-A28D-35BCFBAB61B2}.Debug|Any CPU.ActiveCfg = Debug|Any CPU
		{5BE2B456-60E9-4DBF-A28D-35BCFBAB61B2}.Debug|Any CPU.Build.0 = Debug|Any CPU
		{5BE2B456-60E9-4DBF-A28D-35BCFBAB61B2}.Release|Any CPU.ActiveCfg = Release|Any CPU
		{5BE2B456-60E9-4DBF-A28D-35BCFBAB61B2}.Release|Any CPU.Build.0 = Release|Any CPU
		{737C7D7E-5B71-4EE6-9948-EBC63E1F77FA}.Debug|Any CPU.ActiveCfg = Debug|Any CPU
		{737C7D7E-5B71-4EE6-9948-EBC63E1F77FA}.Debug|Any CPU.Build.0 = Debug|Any CPU
		{737C7D7E-5B71-4EE6-9948-EBC63E1F77FA}.Release|Any CPU.ActiveCfg = Release|Any CPU
		{737C7D7E-5B71-4EE6-9948-EBC63E1F77FA}.Release|Any CPU.Build.0 = Release|Any CPU
		{DD765D1C-01FE-4A7F-BE68-9ABCAA26F221}.Debug|Any CPU.ActiveCfg = Debug|Any CPU
		{DD765D1C-01FE-4A7F-BE68-9ABCAA26F221}.Debug|Any CPU.Build.0 = Debug|Any CPU
		{DD765D1C-01FE-4A7F-BE68-9ABCAA26F221}.Release|Any CPU.ActiveCfg = Release|Any CPU
		{DD765D1C-01FE-4A7F-BE68-9ABCAA26F221}.Release|Any CPU.Build.0 = Release|Any CPU
		{02D5519E-39CC-4445-9213-57B9883699EE}.Debug|Any CPU.ActiveCfg = Debug|Any CPU
		{02D5519E-39CC-4445-9213-57B9883699EE}.Debug|Any CPU.Build.0 = Debug|Any CPU
		{02D5519E-39CC-4445-9213-57B9883699EE}.Release|Any CPU.ActiveCfg = Release|Any CPU
		{02D5519E-39CC-4445-9213-57B9883699EE}.Release|Any CPU.Build.0 = Release|Any CPU
		{DD4BE371-5C71-4D02-A78B-E6CEA97962BD}.Debug|Any CPU.ActiveCfg = Debug|Any CPU
		{DD4BE371-5C71-4D02-A78B-E6CEA97962BD}.Debug|Any CPU.Build.0 = Debug|Any CPU
		{DD4BE371-5C71-4D02-A78B-E6CEA97962BD}.Release|Any CPU.ActiveCfg = Release|Any CPU
		{DD4BE371-5C71-4D02-A78B-E6CEA97962BD}.Release|Any CPU.Build.0 = Release|Any CPU
		{2F6536D1-5509-4484-A133-280F57DB2A4A}.Debug|Any CPU.ActiveCfg = Debug|Any CPU
		{2F6536D1-5509-4484-A133-280F57DB2A4A}.Debug|Any CPU.Build.0 = Debug|Any CPU
		{2F6536D1-5509-4484-A133-280F57DB2A4A}.Release|Any CPU.ActiveCfg = Release|Any CPU
		{2F6536D1-5509-4484-A133-280F57DB2A4A}.Release|Any CPU.Build.0 = Release|Any CPU
		{96106AD4-3678-4C1C-9088-FBDE8396D0E4}.Debug|Any CPU.ActiveCfg = Debug|Any CPU
		{96106AD4-3678-4C1C-9088-FBDE8396D0E4}.Debug|Any CPU.Build.0 = Debug|Any CPU
		{96106AD4-3678-4C1C-9088-FBDE8396D0E4}.Release|Any CPU.ActiveCfg = Release|Any CPU
		{96106AD4-3678-4C1C-9088-FBDE8396D0E4}.Release|Any CPU.Build.0 = Release|Any CPU
		{60E04B53-E483-4694-BDCF-F537C8A23056}.Debug|Any CPU.ActiveCfg = Debug|Any CPU
		{60E04B53-E483-4694-BDCF-F537C8A23056}.Debug|Any CPU.Build.0 = Debug|Any CPU
		{60E04B53-E483-4694-BDCF-F537C8A23056}.Release|Any CPU.ActiveCfg = Release|Any CPU
		{60E04B53-E483-4694-BDCF-F537C8A23056}.Release|Any CPU.Build.0 = Release|Any CPU
		{E8EECFFB-849B-4A73-985F-54CF0D5E62C6}.Debug|Any CPU.ActiveCfg = Debug|Any CPU
		{E8EECFFB-849B-4A73-985F-54CF0D5E62C6}.Debug|Any CPU.Build.0 = Debug|Any CPU
		{E8EECFFB-849B-4A73-985F-54CF0D5E62C6}.Release|Any CPU.ActiveCfg = Release|Any CPU
		{E8EECFFB-849B-4A73-985F-54CF0D5E62C6}.Release|Any CPU.Build.0 = Release|Any CPU
		{6C6851CF-57D8-4255-9313-74DE4790D41A}.Debug|Any CPU.ActiveCfg = Debug|Any CPU
		{6C6851CF-57D8-4255-9313-74DE4790D41A}.Debug|Any CPU.Build.0 = Debug|Any CPU
		{6C6851CF-57D8-4255-9313-74DE4790D41A}.Release|Any CPU.ActiveCfg = Release|Any CPU
		{6C6851CF-57D8-4255-9313-74DE4790D41A}.Release|Any CPU.Build.0 = Release|Any CPU
		{91A2AC01-0FF9-4AB7-BBA0-FFA89A0AC09F}.Debug|Any CPU.ActiveCfg = Debug|Any CPU
		{91A2AC01-0FF9-4AB7-BBA0-FFA89A0AC09F}.Debug|Any CPU.Build.0 = Debug|Any CPU
		{91A2AC01-0FF9-4AB7-BBA0-FFA89A0AC09F}.Release|Any CPU.ActiveCfg = Release|Any CPU
		{91A2AC01-0FF9-4AB7-BBA0-FFA89A0AC09F}.Release|Any CPU.Build.0 = Release|Any CPU
		{2A6486AC-BEDC-4E61-9E50-5E9B74D13D25}.Debug|Any CPU.ActiveCfg = Debug|Any CPU
		{2A6486AC-BEDC-4E61-9E50-5E9B74D13D25}.Debug|Any CPU.Build.0 = Debug|Any CPU
		{2A6486AC-BEDC-4E61-9E50-5E9B74D13D25}.Release|Any CPU.ActiveCfg = Release|Any CPU
		{2A6486AC-BEDC-4E61-9E50-5E9B74D13D25}.Release|Any CPU.Build.0 = Release|Any CPU
		{BBEDFB06-311E-4250-B0DB-AB5409DF8CD4}.Debug|Any CPU.ActiveCfg = Debug|Any CPU
		{BBEDFB06-311E-4250-B0DB-AB5409DF8CD4}.Debug|Any CPU.Build.0 = Debug|Any CPU
		{BBEDFB06-311E-4250-B0DB-AB5409DF8CD4}.Release|Any CPU.ActiveCfg = Release|Any CPU
		{BBEDFB06-311E-4250-B0DB-AB5409DF8CD4}.Release|Any CPU.Build.0 = Release|Any CPU
		{86337BD5-A8FE-4739-8546-56A5C213B7B9}.Debug|Any CPU.ActiveCfg = Debug|Any CPU
		{86337BD5-A8FE-4739-8546-56A5C213B7B9}.Debug|Any CPU.Build.0 = Debug|Any CPU
		{86337BD5-A8FE-4739-8546-56A5C213B7B9}.Release|Any CPU.ActiveCfg = Release|Any CPU
		{86337BD5-A8FE-4739-8546-56A5C213B7B9}.Release|Any CPU.Build.0 = Release|Any CPU
		{9D950E4C-5DCA-4767-AAE3-DB805DFCBD43}.Debug|Any CPU.ActiveCfg = Debug|Any CPU
		{9D950E4C-5DCA-4767-AAE3-DB805DFCBD43}.Debug|Any CPU.Build.0 = Debug|Any CPU
		{9D950E4C-5DCA-4767-AAE3-DB805DFCBD43}.Release|Any CPU.ActiveCfg = Release|Any CPU
		{9D950E4C-5DCA-4767-AAE3-DB805DFCBD43}.Release|Any CPU.Build.0 = Release|Any CPU
		{0EC7C13C-EA31-42B6-B420-2DA137812E35}.Debug|Any CPU.ActiveCfg = Debug|Any CPU
		{0EC7C13C-EA31-42B6-B420-2DA137812E35}.Debug|Any CPU.Build.0 = Debug|Any CPU
		{0EC7C13C-EA31-42B6-B420-2DA137812E35}.Release|Any CPU.ActiveCfg = Release|Any CPU
		{0EC7C13C-EA31-42B6-B420-2DA137812E35}.Release|Any CPU.Build.0 = Release|Any CPU
		{58FB260D-99B9-45F3-97ED-071F48AACA49}.Debug|Any CPU.ActiveCfg = Debug|Any CPU
		{58FB260D-99B9-45F3-97ED-071F48AACA49}.Debug|Any CPU.Build.0 = Debug|Any CPU
		{58FB260D-99B9-45F3-97ED-071F48AACA49}.Release|Any CPU.ActiveCfg = Release|Any CPU
		{58FB260D-99B9-45F3-97ED-071F48AACA49}.Release|Any CPU.Build.0 = Release|Any CPU
		{77703A69-A72A-4E8F-B78E-577AA15EA4D1}.Debug|Any CPU.ActiveCfg = Debug|Any CPU
		{77703A69-A72A-4E8F-B78E-577AA15EA4D1}.Debug|Any CPU.Build.0 = Debug|Any CPU
		{77703A69-A72A-4E8F-B78E-577AA15EA4D1}.Release|Any CPU.ActiveCfg = Release|Any CPU
		{77703A69-A72A-4E8F-B78E-577AA15EA4D1}.Release|Any CPU.Build.0 = Release|Any CPU
		{6B9C1C64-6AE3-43E0-8E29-C249B667216B}.Debug|Any CPU.ActiveCfg = Debug|Any CPU
		{6B9C1C64-6AE3-43E0-8E29-C249B667216B}.Debug|Any CPU.Build.0 = Debug|Any CPU
		{6B9C1C64-6AE3-43E0-8E29-C249B667216B}.Release|Any CPU.ActiveCfg = Release|Any CPU
		{6B9C1C64-6AE3-43E0-8E29-C249B667216B}.Release|Any CPU.Build.0 = Release|Any CPU
		{F27B6507-21A9-41BC-800B-DEBF55FCFAB9}.Debug|Any CPU.ActiveCfg = Debug|Any CPU
		{F27B6507-21A9-41BC-800B-DEBF55FCFAB9}.Debug|Any CPU.Build.0 = Debug|Any CPU
		{F27B6507-21A9-41BC-800B-DEBF55FCFAB9}.Release|Any CPU.ActiveCfg = Release|Any CPU
		{F27B6507-21A9-41BC-800B-DEBF55FCFAB9}.Release|Any CPU.Build.0 = Release|Any CPU
		{85D9E5E1-5650-4BD5-94EB-6D9E2969A60A}.Debug|Any CPU.ActiveCfg = Debug|Any CPU
		{85D9E5E1-5650-4BD5-94EB-6D9E2969A60A}.Debug|Any CPU.Build.0 = Debug|Any CPU
		{85D9E5E1-5650-4BD5-94EB-6D9E2969A60A}.Release|Any CPU.ActiveCfg = Release|Any CPU
		{85D9E5E1-5650-4BD5-94EB-6D9E2969A60A}.Release|Any CPU.Build.0 = Release|Any CPU
		{1B3DC27D-687F-4E7C-8410-FBBDF7DE7430}.Debug|Any CPU.ActiveCfg = Debug|Any CPU
		{1B3DC27D-687F-4E7C-8410-FBBDF7DE7430}.Debug|Any CPU.Build.0 = Debug|Any CPU
		{1B3DC27D-687F-4E7C-8410-FBBDF7DE7430}.Release|Any CPU.ActiveCfg = Release|Any CPU
		{1B3DC27D-687F-4E7C-8410-FBBDF7DE7430}.Release|Any CPU.Build.0 = Release|Any CPU
		{8FA76BC0-1461-4548-A962-B3BEFA8B1089}.Debug|Any CPU.ActiveCfg = Debug|Any CPU
		{8FA76BC0-1461-4548-A962-B3BEFA8B1089}.Debug|Any CPU.Build.0 = Debug|Any CPU
		{8FA76BC0-1461-4548-A962-B3BEFA8B1089}.Release|Any CPU.ActiveCfg = Release|Any CPU
		{8FA76BC0-1461-4548-A962-B3BEFA8B1089}.Release|Any CPU.Build.0 = Release|Any CPU
		{55E970B5-ADF6-493B-AD7A-98793DAF27E9}.Debug|Any CPU.ActiveCfg = Debug|Any CPU
		{55E970B5-ADF6-493B-AD7A-98793DAF27E9}.Debug|Any CPU.Build.0 = Debug|Any CPU
		{55E970B5-ADF6-493B-AD7A-98793DAF27E9}.Release|Any CPU.ActiveCfg = Release|Any CPU
		{55E970B5-ADF6-493B-AD7A-98793DAF27E9}.Release|Any CPU.Build.0 = Release|Any CPU
		{A75A2FE7-DEE5-4B03-A266-DB2F03B3E48C}.Debug|Any CPU.ActiveCfg = Debug|Any CPU
		{A75A2FE7-DEE5-4B03-A266-DB2F03B3E48C}.Debug|Any CPU.Build.0 = Debug|Any CPU
		{A75A2FE7-DEE5-4B03-A266-DB2F03B3E48C}.Release|Any CPU.ActiveCfg = Release|Any CPU
		{A75A2FE7-DEE5-4B03-A266-DB2F03B3E48C}.Release|Any CPU.Build.0 = Release|Any CPU
		{1407C6B2-EDE6-4D91-BE79-EAFA9CF02FE8}.Debug|Any CPU.ActiveCfg = Debug|Any CPU
		{1407C6B2-EDE6-4D91-BE79-EAFA9CF02FE8}.Debug|Any CPU.Build.0 = Debug|Any CPU
		{1407C6B2-EDE6-4D91-BE79-EAFA9CF02FE8}.Release|Any CPU.ActiveCfg = Release|Any CPU
		{1407C6B2-EDE6-4D91-BE79-EAFA9CF02FE8}.Release|Any CPU.Build.0 = Release|Any CPU
		{DF88C5F4-73DA-46D4-87E3-CC78F1E16C11}.Debug|Any CPU.ActiveCfg = Debug|Any CPU
		{DF88C5F4-73DA-46D4-87E3-CC78F1E16C11}.Debug|Any CPU.Build.0 = Debug|Any CPU
		{DF88C5F4-73DA-46D4-87E3-CC78F1E16C11}.Release|Any CPU.ActiveCfg = Release|Any CPU
		{DF88C5F4-73DA-46D4-87E3-CC78F1E16C11}.Release|Any CPU.Build.0 = Release|Any CPU
		{2B414FD9-1F7C-49C1-906C-25C8D7D23186}.Debug|Any CPU.ActiveCfg = Debug|Any CPU
		{2B414FD9-1F7C-49C1-906C-25C8D7D23186}.Debug|Any CPU.Build.0 = Debug|Any CPU
		{2B414FD9-1F7C-49C1-906C-25C8D7D23186}.Release|Any CPU.ActiveCfg = Release|Any CPU
		{2B414FD9-1F7C-49C1-906C-25C8D7D23186}.Release|Any CPU.Build.0 = Release|Any CPU
		{FA0C90F5-5B7C-4092-807A-8441098A1B2C}.Debug|Any CPU.ActiveCfg = Debug|Any CPU
		{FA0C90F5-5B7C-4092-807A-8441098A1B2C}.Debug|Any CPU.Build.0 = Debug|Any CPU
		{FA0C90F5-5B7C-4092-807A-8441098A1B2C}.Release|Any CPU.ActiveCfg = Release|Any CPU
		{FA0C90F5-5B7C-4092-807A-8441098A1B2C}.Release|Any CPU.Build.0 = Release|Any CPU
		{5DD21678-7A23-4ACF-B9C8-382AAF940EBB}.Debug|Any CPU.ActiveCfg = Debug|Any CPU
		{5DD21678-7A23-4ACF-B9C8-382AAF940EBB}.Debug|Any CPU.Build.0 = Debug|Any CPU
		{5DD21678-7A23-4ACF-B9C8-382AAF940EBB}.Release|Any CPU.ActiveCfg = Release|Any CPU
		{5DD21678-7A23-4ACF-B9C8-382AAF940EBB}.Release|Any CPU.Build.0 = Release|Any CPU
		{DADF8602-9E92-4D58-8097-B05840F30727}.Debug|Any CPU.ActiveCfg = Debug|Any CPU
		{DADF8602-9E92-4D58-8097-B05840F30727}.Debug|Any CPU.Build.0 = Debug|Any CPU
		{DADF8602-9E92-4D58-8097-B05840F30727}.Release|Any CPU.ActiveCfg = Release|Any CPU
		{DADF8602-9E92-4D58-8097-B05840F30727}.Release|Any CPU.Build.0 = Release|Any CPU
		{0F2C2914-3CDF-4AC8-8B4D-3A9C5F4094EB}.Debug|Any CPU.ActiveCfg = Debug|Any CPU
		{0F2C2914-3CDF-4AC8-8B4D-3A9C5F4094EB}.Debug|Any CPU.Build.0 = Debug|Any CPU
		{0F2C2914-3CDF-4AC8-8B4D-3A9C5F4094EB}.Release|Any CPU.ActiveCfg = Release|Any CPU
		{0F2C2914-3CDF-4AC8-8B4D-3A9C5F4094EB}.Release|Any CPU.Build.0 = Release|Any CPU
		{F06FE87C-E261-4895-A430-14A717574EBE}.Debug|Any CPU.ActiveCfg = Debug|Any CPU
		{F06FE87C-E261-4895-A430-14A717574EBE}.Debug|Any CPU.Build.0 = Debug|Any CPU
		{F06FE87C-E261-4895-A430-14A717574EBE}.Release|Any CPU.ActiveCfg = Release|Any CPU
		{F06FE87C-E261-4895-A430-14A717574EBE}.Release|Any CPU.Build.0 = Release|Any CPU
		{3DF425C6-4A4F-4698-A6E8-B7D9E0DC967F}.Debug|Any CPU.ActiveCfg = Debug|Any CPU
		{3DF425C6-4A4F-4698-A6E8-B7D9E0DC967F}.Debug|Any CPU.Build.0 = Debug|Any CPU
		{3DF425C6-4A4F-4698-A6E8-B7D9E0DC967F}.Release|Any CPU.ActiveCfg = Release|Any CPU
		{3DF425C6-4A4F-4698-A6E8-B7D9E0DC967F}.Release|Any CPU.Build.0 = Release|Any CPU
		{EC798FDB-053A-480A-856D-86CB88CC227A}.Debug|Any CPU.ActiveCfg = Debug|Any CPU
		{EC798FDB-053A-480A-856D-86CB88CC227A}.Debug|Any CPU.Build.0 = Debug|Any CPU
		{EC798FDB-053A-480A-856D-86CB88CC227A}.Release|Any CPU.ActiveCfg = Release|Any CPU
		{EC798FDB-053A-480A-856D-86CB88CC227A}.Release|Any CPU.Build.0 = Release|Any CPU
		{C4E9AF1F-1BD0-4441-A667-88705B4C1EC5}.Debug|Any CPU.ActiveCfg = Debug|Any CPU
		{C4E9AF1F-1BD0-4441-A667-88705B4C1EC5}.Debug|Any CPU.Build.0 = Debug|Any CPU
		{C4E9AF1F-1BD0-4441-A667-88705B4C1EC5}.Release|Any CPU.ActiveCfg = Release|Any CPU
		{C4E9AF1F-1BD0-4441-A667-88705B4C1EC5}.Release|Any CPU.Build.0 = Release|Any CPU
		{AB4EAB3C-1B95-41EF-8B65-17A61691CE94}.Debug|Any CPU.ActiveCfg = Debug|Any CPU
		{AB4EAB3C-1B95-41EF-8B65-17A61691CE94}.Debug|Any CPU.Build.0 = Debug|Any CPU
		{AB4EAB3C-1B95-41EF-8B65-17A61691CE94}.Release|Any CPU.ActiveCfg = Release|Any CPU
		{AB4EAB3C-1B95-41EF-8B65-17A61691CE94}.Release|Any CPU.Build.0 = Release|Any CPU
		{BFAB73CC-F24C-4555-ACAA-58D7693A4ACB}.Debug|Any CPU.ActiveCfg = Debug|Any CPU
		{BFAB73CC-F24C-4555-ACAA-58D7693A4ACB}.Debug|Any CPU.Build.0 = Debug|Any CPU
		{BFAB73CC-F24C-4555-ACAA-58D7693A4ACB}.Release|Any CPU.ActiveCfg = Release|Any CPU
		{BFAB73CC-F24C-4555-ACAA-58D7693A4ACB}.Release|Any CPU.Build.0 = Release|Any CPU
		{05A529EA-47A8-493A-9525-663802E5EAAB}.Debug|Any CPU.ActiveCfg = Debug|Any CPU
		{05A529EA-47A8-493A-9525-663802E5EAAB}.Debug|Any CPU.Build.0 = Debug|Any CPU
		{05A529EA-47A8-493A-9525-663802E5EAAB}.Release|Any CPU.ActiveCfg = Release|Any CPU
		{05A529EA-47A8-493A-9525-663802E5EAAB}.Release|Any CPU.Build.0 = Release|Any CPU
		{3A9540A9-FF2A-432C-A7AB-7E101C331B94}.Debug|Any CPU.ActiveCfg = Debug|Any CPU
		{3A9540A9-FF2A-432C-A7AB-7E101C331B94}.Debug|Any CPU.Build.0 = Debug|Any CPU
		{3A9540A9-FF2A-432C-A7AB-7E101C331B94}.Release|Any CPU.ActiveCfg = Release|Any CPU
		{3A9540A9-FF2A-432C-A7AB-7E101C331B94}.Release|Any CPU.Build.0 = Release|Any CPU
	EndGlobalSection
	GlobalSection(NestedProjects) = preSolution
		{2DDB874F-F795-42ED-BF2F-BD2847F33726} = {658CE79C-0BA7-4E15-A40D-0D65038F4298}
		{5BE2B456-60E9-4DBF-A28D-35BCFBAB61B2} = {48AEB5EC-D108-4729-9579-DE71277E13CE}
		{737C7D7E-5B71-4EE6-9948-EBC63E1F77FA} = {6F86F337-52E2-448D-99FA-6A52D377B969}
		{DD765D1C-01FE-4A7F-BE68-9ABCAA26F221} = {6F86F337-52E2-448D-99FA-6A52D377B969}
		{02D5519E-39CC-4445-9213-57B9883699EE} = {48AEB5EC-D108-4729-9579-DE71277E13CE}
		{DD4BE371-5C71-4D02-A78B-E6CEA97962BD} = {48AEB5EC-D108-4729-9579-DE71277E13CE}
		{2F6536D1-5509-4484-A133-280F57DB2A4A} = {48AEB5EC-D108-4729-9579-DE71277E13CE}
		{96106AD4-3678-4C1C-9088-FBDE8396D0E4} = {48AEB5EC-D108-4729-9579-DE71277E13CE}
		{60E04B53-E483-4694-BDCF-F537C8A23056} = {6F86F337-52E2-448D-99FA-6A52D377B969}
		{E8EECFFB-849B-4A73-985F-54CF0D5E62C6} = {6F86F337-52E2-448D-99FA-6A52D377B969}
		{6C6851CF-57D8-4255-9313-74DE4790D41A} = {6F86F337-52E2-448D-99FA-6A52D377B969}
		{91A2AC01-0FF9-4AB7-BBA0-FFA89A0AC09F} = {6F86F337-52E2-448D-99FA-6A52D377B969}
		{2A6486AC-BEDC-4E61-9E50-5E9B74D13D25} = {6F86F337-52E2-448D-99FA-6A52D377B969}
		{BBEDFB06-311E-4250-B0DB-AB5409DF8CD4} = {658CE79C-0BA7-4E15-A40D-0D65038F4298}
		{86337BD5-A8FE-4739-8546-56A5C213B7B9} = {658CE79C-0BA7-4E15-A40D-0D65038F4298}
		{0EC7C13C-EA31-42B6-B420-2DA137812E35} = {658CE79C-0BA7-4E15-A40D-0D65038F4298}
		{9D950E4C-5DCA-4767-AAE3-DB805DFCBD43} = {658CE79C-0BA7-4E15-A40D-0D65038F4298}
		{58FB260D-99B9-45F3-97ED-071F48AACA49} = {658CE79C-0BA7-4E15-A40D-0D65038F4298}
		{77703A69-A72A-4E8F-B78E-577AA15EA4D1} = {658CE79C-0BA7-4E15-A40D-0D65038F4298}
		{6B9C1C64-6AE3-43E0-8E29-C249B667216B} = {658CE79C-0BA7-4E15-A40D-0D65038F4298}
		{F27B6507-21A9-41BC-800B-DEBF55FCFAB9} = {658CE79C-0BA7-4E15-A40D-0D65038F4298}
		{85D9E5E1-5650-4BD5-94EB-6D9E2969A60A} = {658CE79C-0BA7-4E15-A40D-0D65038F4298}
		{1B3DC27D-687F-4E7C-8410-FBBDF7DE7430} = {658CE79C-0BA7-4E15-A40D-0D65038F4298}
		{8FA76BC0-1461-4548-A962-B3BEFA8B1089} = {658CE79C-0BA7-4E15-A40D-0D65038F4298}
		{55E970B5-ADF6-493B-AD7A-98793DAF27E9} = {658CE79C-0BA7-4E15-A40D-0D65038F4298}
		{A75A2FE7-DEE5-4B03-A266-DB2F03B3E48C} = {6F86F337-52E2-448D-99FA-6A52D377B969}
		{1407C6B2-EDE6-4D91-BE79-EAFA9CF02FE8} = {6F86F337-52E2-448D-99FA-6A52D377B969}
		{DF88C5F4-73DA-46D4-87E3-CC78F1E16C11} = {6F86F337-52E2-448D-99FA-6A52D377B969}
		{2B414FD9-1F7C-49C1-906C-25C8D7D23186} = {6F86F337-52E2-448D-99FA-6A52D377B969}
		{FA0C90F5-5B7C-4092-807A-8441098A1B2C} = {6F86F337-52E2-448D-99FA-6A52D377B969}
		{5DD21678-7A23-4ACF-B9C8-382AAF940EBB} = {6F86F337-52E2-448D-99FA-6A52D377B969}
		{DADF8602-9E92-4D58-8097-B05840F30727} = {6F86F337-52E2-448D-99FA-6A52D377B969}
		{0F2C2914-3CDF-4AC8-8B4D-3A9C5F4094EB} = {6F86F337-52E2-448D-99FA-6A52D377B969}
		{F06FE87C-E261-4895-A430-14A717574EBE} = {6F86F337-52E2-448D-99FA-6A52D377B969}
		{3DF425C6-4A4F-4698-A6E8-B7D9E0DC967F} = {6F86F337-52E2-448D-99FA-6A52D377B969}
		{EC798FDB-053A-480A-856D-86CB88CC227A} = {6F86F337-52E2-448D-99FA-6A52D377B969}
		{C4E9AF1F-1BD0-4441-A667-88705B4C1EC5} = {6F86F337-52E2-448D-99FA-6A52D377B969}
		{AB4EAB3C-1B95-41EF-8B65-17A61691CE94} = {6F86F337-52E2-448D-99FA-6A52D377B969}
		{BFAB73CC-F24C-4555-ACAA-58D7693A4ACB} = {6F86F337-52E2-448D-99FA-6A52D377B969}
		{05A529EA-47A8-493A-9525-663802E5EAAB} = {6F86F337-52E2-448D-99FA-6A52D377B969}
		{E2930DB3-0D2B-4D9D-A930-46F8E0E39A20} = {6F86F337-52E2-448D-99FA-6A52D377B969}
		{3A9540A9-FF2A-432C-A7AB-7E101C331B94} = {6F86F337-52E2-448D-99FA-6A52D377B969}
	EndGlobalSection
EndGlobal
